
Microsoft Visual Studio Solution File, Format Version 12.00
# Visual Studio Version 16
VisualStudioVersion = 16.0.31005.135
MinimumVisualStudioVersion = 10.0.40219.1
Project("{FAE04EC0-301F-11D3-BF4B-00C04F79EFBC}") = "ExceptionTutorial", "ExceptionTutorial\ExceptionTutorial.csproj", "{B7CE01FF-83D6-4A10-BF7B-682A88AB4346}"
EndProject
Global
	GlobalSection(SolutionConfigurationPlatforms) = preSolution
		Debug|Any CPU = Debug|Any CPU
		Release|Any CPU = Release|Any CPU
	EndGlobalSection
	GlobalSection(ProjectConfigurationPlatforms) = postSolution
		{B7CE01FF-83D6-4A10-BF7B-682A88AB4346}.Debug|Any CPU.ActiveCfg = Debug|Any CPU
		{B7CE01FF-83D6-4A10-BF7B-682A88AB4346}.Debug|Any CPU.Build.0 = Debug|Any CPU
		{B7CE01FF-83D6-4A10-BF7B-682A88AB4346}.Release|Any CPU.ActiveCfg = Release|Any CPU
		{B7CE01FF-83D6-4A10-BF7B-682A88AB4346}.Release|Any CPU.Build.0 = Release|Any CPU
	EndGlobalSection
	GlobalSection(SolutionProperties) = preSolution
		HideSolutionNode = FALSE
	EndGlobalSection
	GlobalSection(ExtensibilityGlobals) = postSolution
		SolutionGuid = {48EB2637-B714-4B0D-832E-8D36E8689C5B}
	EndGlobalSection
EndGlobal
